PODS:
  - AppAuth (1.5.0):
    - AppAuth/Core (= 1.5.0)
    - AppAuth/ExternalUserAgent (= 1.5.0)
  - AppAuth/Core (1.5.0)
  - AppAuth/ExternalUserAgent (1.5.0):
    - AppAuth/Core
  - Bolts/Tasks (1.9.1)
  - Parse (1.19.3):
    - Parse/Core (= 1.19.3)
  - Parse/Core (1.19.3):
    - Bolts/Tasks (= 1.9.1)

DEPENDENCIES:
  - AppAuth
  - Parse

SPEC REPOS:
  trunk:
    - AppAuth
    - Bolts
    - Parse

SPEC CHECKSUMS:
  AppAuth: 80317d99ac7ff2801a2f18ff86b48cd315ed465d
  Bolts: 8c1e8aab2f603387b8b9924f57d1d64f43d3ffdc
  Parse: 0abb63a0ff6fa34a3f64b81d595a294e2ece143a

PODFILE CHECKSUM: 5aee43cb22cc1235d3da6768ea4dd8ed1a1314a8

COCOAPODS: 1.11.3
