PODS:
  - AFNetworking (4.0.1):
    - AFNetworking/NSURLSession (= 4.0.1)
    - AFNetworking/Reachability (= 4.0.1)
    - AFNetworking/Security (= 4.0.1)
    - AFNetworking/Serialization (= 4.0.1)
    - AFNetworking/UIKit (= 4.0.1)
  - AFNetworking/NSURLSession (4.0.1):
    - AFNetworking/Reachability
    - AFNetworking/Security
    - AFNetworking/Serialization
  - AFNetworking/Reachability (4.0.1)
  - AFNetworking/Security (4.0.1)
  - AFNetworking/Serialization (4.0.1)
  - AFNetworking/UIKit (4.0.1):
    - AFNetworking/NSURLSession
  - AppAuth (1.5.0):
    - AppAuth/Core (= 1.5.0)
    - AppAuth/ExternalUserAgent (= 1.5.0)
  - AppAuth/Core (1.5.0)
  - AppAuth/ExternalUserAgent (1.5.0):
    - AppAuth/Core
  - Bolts-Swift (1.5.0)
  - Bolts/Tasks (1.9.1)
  - Parse (1.19.3):
    - Parse/Core (= 1.19.3)
  - Parse/Core (1.19.3):
    - Bolts/Tasks (= 1.9.1)
  - Parse/UI (1.19.3):
    - Parse/Core
  - ParseLiveQuery (2.8.1):
    - Bolts-Swift (~> 1.5.0)
    - Parse (~> 1.19.0)
    - Starscream (~> 4.0.4)
  - Shimmer (1.0.2)
  - Starscream (4.0.4)

DEPENDENCIES:
  - AFNetworking
  - AppAuth
  - Parse
  - Parse/UI
  - ParseLiveQuery
  - Shimmer

SPEC REPOS:
  trunk:
    - AFNetworking
    - AppAuth
    - Bolts
    - Bolts-Swift
    - Parse
    - ParseLiveQuery
    - Shimmer
    - Starscream

SPEC CHECKSUMS:
  AFNetworking: 7864c38297c79aaca1500c33288e429c3451fdce
  AppAuth: 80317d99ac7ff2801a2f18ff86b48cd315ed465d
  Bolts: 8c1e8aab2f603387b8b9924f57d1d64f43d3ffdc
  Bolts-Swift: afbbaf8c8186e7f769be4afa656949c14087ba44
  Parse: 0abb63a0ff6fa34a3f64b81d595a294e2ece143a
  ParseLiveQuery: 7bc437c3b986880ffe5f241a9921e37f45df0677
  Shimmer: c5374be1c2b0c9e292fb05b339a513cf291cac86
  Starscream: 5178aed56b316f13fa3bc55694e583d35dd414d9

PODFILE CHECKSUM: 6b5b1fd0d949a0715287c57444d62706dd960d0b

COCOAPODS: 1.11.3
