// !$*UTF8*$!
{
	archiveVersion = 1;
	classes = {
	};
	objectVersion = 55;
	objects = {

/* Begin PBXBuildFile section */
		263CC3BA287F29E0002941BB /* Artist.m in Sources */ = {isa = PBXBuildFile; fileRef = 263CC3B9287F29E0002941BB /* Artist.m */; };
		263F2C8C2876559D00A28601 /* LoginViewController.m in Sources */ = {isa = PBXBuildFile; fileRef = 263F2C8B2876559D00A28601 /* LoginViewController.m */; };
		263F2C8F287655A800A28601 /* RegisterViewController.m in Sources */ = {isa = PBXBuildFile; fileRef = 263F2C8E287655A800A28601 /* RegisterViewController.m */; };
		263F2C932877564C00A28601 /* ProfileViewController.m in Sources */ = {isa = PBXBuildFile; fileRef = 263F2C922877564C00A28601 /* ProfileViewController.m */; };
		2652301C2884D927009FBAD2 /* Match.m in Sources */ = {isa = PBXBuildFile; fileRef = 2652301B2884D927009FBAD2 /* Match.m */; };
		268BF938286EACC900432CC8 /* AppDelegate.m in Sources */ = {isa = PBXBuildFile; fileRef = 268BF937286EACC900432CC8 /* AppDelegate.m */; };
		268BF93B286EACC900432CC8 /* SceneDelegate.m in Sources */ = {isa = PBXBuildFile; fileRef = 268BF93A286EACC900432CC8 /* SceneDelegate.m */; };
		268BF93E286EACC900432CC8 /* ViewController.m in Sources */ = {isa = PBXBuildFile; fileRef = 268BF93D286EACC900432CC8 /* ViewController.m */; };
		268BF941286EACC900432CC8 /* Main.storyboard in Resources */ = {isa = PBXBuildFile; fileRef = 268BF93F286EACC900432CC8 /* Main.storyboard */; };
		268BF943286EACC900432CC8 /* Assets.xcassets in Resources */ = {isa = PBXBuildFile; fileRef = 268BF942286EACC900432CC8 /* Assets.xcassets */; };
		268BF946286EACC900432CC8 /* LaunchScreen.storyboard in Resources */ = {isa = PBXBuildFile; fileRef = 268BF944286EACC900432CC8 /* LaunchScreen.storyboard */; };
		268BF949286EACC900432CC8 /* main.m in Sources */ = {isa = PBXBuildFile; fileRef = 268BF948286EACC900432CC8 /* main.m */; };
		268BF953286EACC900432CC8 /* BandMateTests.m in Sources */ = {isa = PBXBuildFile; fileRef = 268BF952286EACC900432CC8 /* BandMateTests.m */; };
		268BF95D286EACCA00432CC8 /* BandMateUITests.m in Sources */ = {isa = PBXBuildFile; fileRef = 268BF95C286EACCA00432CC8 /* BandMateUITests.m */; };
		268BF95F286EACCA00432CC8 /* BandMateUITestsLaunchTests.m in Sources */ = {isa = PBXBuildFile; fileRef = 268BF95E286EACCA00432CC8 /* BandMateUITestsLaunchTests.m */; };
		268C76A22887696D00D4E93B /* ProfileTableCell.m in Sources */ = {isa = PBXBuildFile; fileRef = 268C76A12887696D00D4E93B /* ProfileTableCell.m */; };
		26A8DCB32891BBED009F7D38 /* Conversation.m in Sources */ = {isa = PBXBuildFile; fileRef = 26A8DCB22891BBED009F7D38 /* Conversation.m */; };
		26A8DCB62891BD9F009F7D38 /* Message.m in Sources */ = {isa = PBXBuildFile; fileRef = 26A8DCB52891BD9F009F7D38 /* Message.m */; };
		26ADBDBA288E15AE00682B51 /* MatchTableViewCell.m in Sources */ = {isa = PBXBuildFile; fileRef = 26ADBDB9288E15AE00682B51 /* MatchTableViewCell.m */; };
		26ADBDBD288E168600682B51 /* MatchCollectionCell.m in Sources */ = {isa = PBXBuildFile; fileRef = 26ADBDBC288E168600682B51 /* MatchCollectionCell.m */; };
		26ADBDC1288E383F00682B51 /* MatchDetailsViewController.m in Sources */ = {isa = PBXBuildFile; fileRef = 26ADBDC0288E383F00682B51 /* MatchDetailsViewController.m */; };
		26ADBDC4288E496400682B51 /* DetailsTableViewCell.m in Sources */ = {isa = PBXBuildFile; fileRef = 26ADBDC3288E496400682B51 /* DetailsTableViewCell.m */; };
		26ADBDCC288F5AD900682B51 /* YourBandsViewController.m in Sources */ = {isa = PBXBuildFile; fileRef = 26ADBDCB288F5AD900682B51 /* YourBandsViewController.m */; };
		26ADBDCF288F63AE00682B51 /* BandsTableViewCell.m in Sources */ = {isa = PBXBuildFile; fileRef = 26ADBDCE288F63AE00682B51 /* BandsTableViewCell.m */; };
		26ADBDD32890690E00682B51 /* ChatViewController.m in Sources */ = {isa = PBXBuildFile; fileRef = 26ADBDD22890690E00682B51 /* ChatViewController.m */; };
		26B5688F289468CE0003F89B /* MessageDetailsViewController.m in Sources */ = {isa = PBXBuildFile; fileRef = 26B5688E289468CE0003F89B /* MessageDetailsViewController.m */; };
		26B782BD287CEB49004B0ADC /* MatchViewController.m in Sources */ = {isa = PBXBuildFile; fileRef = 26B782BC287CEB49004B0ADC /* MatchViewController.m */; };
		26B782C1287DE607004B0ADC /* Keys.plist in Resources */ = {isa = PBXBuildFile; fileRef = 26B782C0287DE607004B0ADC /* Keys.plist */; };
		26F8D08128906AFD00A62218 /* ChatSendingTableViewCell.m in Sources */ = {isa = PBXBuildFile; fileRef = 26F8D08028906AFD00A62218 /* ChatSendingTableViewCell.m */; };
		26F8D08C2890AE7500A62218 /* ChatRecievingTableViewCell.m in Sources */ = {isa = PBXBuildFile; fileRef = 26F8D08B2890AE7500A62218 /* ChatRecievingTableViewCell.m */; };
		5C72A3C66FC5E586513329F1 /* Pods_BandMateTests.framework in Frameworks */ = {isa = PBXBuildFile; fileRef = F7A9C3377856E079D48F0EA7 /* Pods_BandMateTests.framework */; };
		C4FF536DBC51E249F46D9CE2 /* Pods_BandMate_BandMateUITests.framework in Frameworks */ = {isa = PBXBuildFile; fileRef = 1F0A01756A7A60FC84ED7C4D /* Pods_BandMate_BandMateUITests.framework */; };
		D6930D9DF78C1EB3950B33B9 /* Pods_BandMate.framework in Frameworks */ = {isa = PBXBuildFile; fileRef = 28848E6C1F75558C0A4E7223 /* Pods_BandMate.framework */; };
/* End PBXBuildFile section */

/* Begin PBXContainerItemProxy section */
		268BF94F286EACC900432CC8 /* PBXContainerItemProxy */ = {
			isa = PBXContainerItemProxy;
			containerPortal = 268BF92B286EACC900432CC8 /* Project object */;
			proxyType = 1;
			remoteGlobalIDString = 268BF932286EACC900432CC8;
			remoteInfo = BandMate;
		};
		268BF959286EACC900432CC8 /* PBXContainerItemProxy */ = {
			isa = PBXContainerItemProxy;
			containerPortal = 268BF92B286EACC900432CC8 /* Project object */;
			proxyType = 1;
			remoteGlobalIDString = 268BF932286EACC900432CC8;
			remoteInfo = BandMate;
		};
/* End PBXContainerItemProxy section */

/* Begin PBXFileReference section */
		1F0A01756A7A60FC84ED7C4D /* Pods_BandMate_BandMateUITests.framework */ = {isa = PBXFileReference; explicitFileType = wrapper.framework; includeInIndex = 0; path = Pods_BandMate_BandMateUITests.framework; sourceTree = BUILT_PRODUCTS_DIR; };
		263CC3B8287F29E0002941BB /* Artist.h */ = {isa = PBXFileReference; lastKnownFileType = sourcecode.c.h; path = Artist.h; sourceTree = "<group>"; };
		263CC3B9287F29E0002941BB /* Artist.m */ = {isa = PBXFileReference; lastKnownFileType = sourcecode.c.objc; path = Artist.m; sourceTree = "<group>"; };
		263F2C8A2876559D00A28601 /* LoginViewController.h */ = {isa = PBXFileReference; lastKnownFileType = sourcecode.c.h; path = LoginViewController.h; sourceTree = "<group>"; };
		263F2C8B2876559D00A28601 /* LoginViewController.m */ = {isa = PBXFileReference; lastKnownFileType = sourcecode.c.objc; path = LoginViewController.m; sourceTree = "<group>"; };
		263F2C8D287655A800A28601 /* RegisterViewController.h */ = {isa = PBXFileReference; lastKnownFileType = sourcecode.c.h; path = RegisterViewController.h; sourceTree = "<group>"; };
		263F2C8E287655A800A28601 /* RegisterViewController.m */ = {isa = PBXFileReference; lastKnownFileType = sourcecode.c.objc; path = RegisterViewController.m; sourceTree = "<group>"; };
		263F2C912877564C00A28601 /* ProfileViewController.h */ = {isa = PBXFileReference; lastKnownFileType = sourcecode.c.h; path = ProfileViewController.h; sourceTree = "<group>"; };
		263F2C922877564C00A28601 /* ProfileViewController.m */ = {isa = PBXFileReference; lastKnownFileType = sourcecode.c.objc; path = ProfileViewController.m; sourceTree = "<group>"; };
		2652301A2884D927009FBAD2 /* Match.h */ = {isa = PBXFileReference; lastKnownFileType = sourcecode.c.h; path = Match.h; sourceTree = "<group>"; };
		2652301B2884D927009FBAD2 /* Match.m */ = {isa = PBXFileReference; lastKnownFileType = sourcecode.c.objc; path = Match.m; sourceTree = "<group>"; };
		268BF933286EACC900432CC8 /* BandMate.app */ = {isa = PBXFileReference; explicitFileType = wrapper.application; includeInIndex = 0; path = BandMate.app; sourceTree = BUILT_PRODUCTS_DIR; };
		268BF936286EACC900432CC8 /* AppDelegate.h */ = {isa = PBXFileReference; lastKnownFileType = sourcecode.c.h; path = AppDelegate.h; sourceTree = "<group>"; };
		268BF937286EACC900432CC8 /* AppDelegate.m */ = {isa = PBXFileReference; lastKnownFileType = sourcecode.c.objc; path = AppDelegate.m; sourceTree = "<group>"; };
		268BF939286EACC900432CC8 /* SceneDelegate.h */ = {isa = PBXFileReference; lastKnownFileType = sourcecode.c.h; path = SceneDelegate.h; sourceTree = "<group>"; };
		268BF93A286EACC900432CC8 /* SceneDelegate.m */ = {isa = PBXFileReference; lastKnownFileType = sourcecode.c.objc; path = SceneDelegate.m; sourceTree = "<group>"; };
		268BF93C286EACC900432CC8 /* ViewController.h */ = {isa = PBXFileReference; lastKnownFileType = sourcecode.c.h; path = ViewController.h; sourceTree = "<group>"; };
		268BF93D286EACC900432CC8 /* ViewController.m */ = {isa = PBXFileReference; lastKnownFileType = sourcecode.c.objc; path = ViewController.m; sourceTree = "<group>"; };
		268BF940286EACC900432CC8 /* Base */ = {isa = PBXFileReference; lastKnownFileType = file.storyboard; name = Base; path = Base.lproj/Main.storyboard; sourceTree = "<group>"; };
		268BF942286EACC900432CC8 /* Assets.xcassets */ = {isa = PBXFileReference; lastKnownFileType = folder.assetcatalog; path = Assets.xcassets; sourceTree = "<group>"; };
		268BF945286EACC900432CC8 /* Base */ = {isa = PBXFileReference; lastKnownFileType = file.storyboard; name = Base; path = Base.lproj/LaunchScreen.storyboard; sourceTree = "<group>"; };
		268BF947286EACC900432CC8 /* Info.plist */ = {isa = PBXFileReference; lastKnownFileType = text.plist.xml; path = Info.plist; sourceTree = "<group>"; };
		268BF948286EACC900432CC8 /* main.m */ = {isa = PBXFileReference; lastKnownFileType = sourcecode.c.objc; path = main.m; sourceTree = "<group>"; };
		268BF94E286EACC900432CC8 /* BandMateTests.xctest */ = {isa = PBXFileReference; explicitFileType = wrapper.cfbundle; includeInIndex = 0; path = BandMateTests.xctest; sourceTree = BUILT_PRODUCTS_DIR; };
		268BF952286EACC900432CC8 /* BandMateTests.m */ = {isa = PBXFileReference; lastKnownFileType = sourcecode.c.objc; path = BandMateTests.m; sourceTree = "<group>"; };
		268BF958286EACC900432CC8 /* BandMateUITests.xctest */ = {isa = PBXFileReference; explicitFileType = wrapper.cfbundle; includeInIndex = 0; path = BandMateUITests.xctest; sourceTree = BUILT_PRODUCTS_DIR; };
		268BF95C286EACCA00432CC8 /* BandMateUITests.m */ = {isa = PBXFileReference; lastKnownFileType = sourcecode.c.objc; path = BandMateUITests.m; sourceTree = "<group>"; };
		268BF95E286EACCA00432CC8 /* BandMateUITestsLaunchTests.m */ = {isa = PBXFileReference; lastKnownFileType = sourcecode.c.objc; path = BandMateUITestsLaunchTests.m; sourceTree = "<group>"; };
		268C76A02887696D00D4E93B /* ProfileTableCell.h */ = {isa = PBXFileReference; lastKnownFileType = sourcecode.c.h; path = ProfileTableCell.h; sourceTree = "<group>"; };
		268C76A12887696D00D4E93B /* ProfileTableCell.m */ = {isa = PBXFileReference; lastKnownFileType = sourcecode.c.objc; path = ProfileTableCell.m; sourceTree = "<group>"; };
		26A8DCB12891BBED009F7D38 /* Conversation.h */ = {isa = PBXFileReference; lastKnownFileType = sourcecode.c.h; path = Conversation.h; sourceTree = "<group>"; };
		26A8DCB22891BBED009F7D38 /* Conversation.m */ = {isa = PBXFileReference; lastKnownFileType = sourcecode.c.objc; path = Conversation.m; sourceTree = "<group>"; };
		26A8DCB42891BD9F009F7D38 /* Message.h */ = {isa = PBXFileReference; lastKnownFileType = sourcecode.c.h; path = Message.h; sourceTree = "<group>"; };
		26A8DCB52891BD9F009F7D38 /* Message.m */ = {isa = PBXFileReference; lastKnownFileType = sourcecode.c.objc; path = Message.m; sourceTree = "<group>"; };
		26ADBDB8288E15AE00682B51 /* MatchTableViewCell.h */ = {isa = PBXFileReference; lastKnownFileType = sourcecode.c.h; path = MatchTableViewCell.h; sourceTree = "<group>"; };
		26ADBDB9288E15AE00682B51 /* MatchTableViewCell.m */ = {isa = PBXFileReference; lastKnownFileType = sourcecode.c.objc; path = MatchTableViewCell.m; sourceTree = "<group>"; };
		26ADBDBB288E168600682B51 /* MatchCollectionCell.h */ = {isa = PBXFileReference; lastKnownFileType = sourcecode.c.h; path = MatchCollectionCell.h; sourceTree = "<group>"; };
		26ADBDBC288E168600682B51 /* MatchCollectionCell.m */ = {isa = PBXFileReference; lastKnownFileType = sourcecode.c.objc; path = MatchCollectionCell.m; sourceTree = "<group>"; };
		26ADBDBF288E383F00682B51 /* MatchDetailsViewController.h */ = {isa = PBXFileReference; lastKnownFileType = sourcecode.c.h; path = MatchDetailsViewController.h; sourceTree = "<group>"; };
		26ADBDC0288E383F00682B51 /* MatchDetailsViewController.m */ = {isa = PBXFileReference; lastKnownFileType = sourcecode.c.objc; path = MatchDetailsViewController.m; sourceTree = "<group>"; };
		26ADBDC2288E496400682B51 /* DetailsTableViewCell.h */ = {isa = PBXFileReference; lastKnownFileType = sourcecode.c.h; path = DetailsTableViewCell.h; sourceTree = "<group>"; };
		26ADBDC3288E496400682B51 /* DetailsTableViewCell.m */ = {isa = PBXFileReference; lastKnownFileType = sourcecode.c.objc; path = DetailsTableViewCell.m; sourceTree = "<group>"; };
		26ADBDCA288F5AD900682B51 /* YourBandsViewController.h */ = {isa = PBXFileReference; lastKnownFileType = sourcecode.c.h; path = YourBandsViewController.h; sourceTree = "<group>"; };
		26ADBDCB288F5AD900682B51 /* YourBandsViewController.m */ = {isa = PBXFileReference; lastKnownFileType = sourcecode.c.objc; path = YourBandsViewController.m; sourceTree = "<group>"; };
		26ADBDCD288F63AE00682B51 /* BandsTableViewCell.h */ = {isa = PBXFileReference; lastKnownFileType = sourcecode.c.h; path = BandsTableViewCell.h; sourceTree = "<group>"; };
		26ADBDCE288F63AE00682B51 /* BandsTableViewCell.m */ = {isa = PBXFileReference; lastKnownFileType = sourcecode.c.objc; path = BandsTableViewCell.m; sourceTree = "<group>"; };
		26ADBDD12890690E00682B51 /* ChatViewController.h */ = {isa = PBXFileReference; lastKnownFileType = sourcecode.c.h; path = ChatViewController.h; sourceTree = "<group>"; };
		26ADBDD22890690E00682B51 /* ChatViewController.m */ = {isa = PBXFileReference; lastKnownFileType = sourcecode.c.objc; path = ChatViewController.m; sourceTree = "<group>"; };
		26B5688D289468CE0003F89B /* MessageDetailsViewController.h */ = {isa = PBXFileReference; lastKnownFileType = sourcecode.c.h; path = MessageDetailsViewController.h; sourceTree = "<group>"; };
		26B5688E289468CE0003F89B /* MessageDetailsViewController.m */ = {isa = PBXFileReference; lastKnownFileType = sourcecode.c.objc; path = MessageDetailsViewController.m; sourceTree = "<group>"; };
		26B782BB287CEB49004B0ADC /* MatchViewController.h */ = {isa = PBXFileReference; lastKnownFileType = sourcecode.c.h; path = MatchViewController.h; sourceTree = "<group>"; };
		26B782BC287CEB49004B0ADC /* MatchViewController.m */ = {isa = PBXFileReference; lastKnownFileType = sourcecode.c.objc; path = MatchViewController.m; sourceTree = "<group>"; };
		26B782C0287DE607004B0ADC /* Keys.plist */ = {isa = PBXFileReference; lastKnownFileType = text.plist.xml; path = Keys.plist; sourceTree = "<group>"; };
		26F8D07F28906AFD00A62218 /* ChatSendingTableViewCell.h */ = {isa = PBXFileReference; lastKnownFileType = sourcecode.c.h; path = ChatSendingTableViewCell.h; sourceTree = "<group>"; };
		26F8D08028906AFD00A62218 /* ChatSendingTableViewCell.m */ = {isa = PBXFileReference; lastKnownFileType = sourcecode.c.objc; path = ChatSendingTableViewCell.m; sourceTree = "<group>"; };
		26F8D08A2890AE7500A62218 /* ChatRecievingTableViewCell.h */ = {isa = PBXFileReference; lastKnownFileType = sourcecode.c.h; path = ChatRecievingTableViewCell.h; sourceTree = "<group>"; };
		26F8D08B2890AE7500A62218 /* ChatRecievingTableViewCell.m */ = {isa = PBXFileReference; lastKnownFileType = sourcecode.c.objc; path = ChatRecievingTableViewCell.m; sourceTree = "<group>"; };
		28848E6C1F75558C0A4E7223 /* Pods_BandMate.framework */ = {isa = PBXFileReference; explicitFileType = wrapper.framework; includeInIndex = 0; path = Pods_BandMate.framework; sourceTree = BUILT_PRODUCTS_DIR; };
		4C64F94841F4852B272F0DEE /* Pods-BandMate-BandMateUITests.release.xcconfig */ = {isa = PBXFileReference; includeInIndex = 1; lastKnownFileType = text.xcconfig; name = "Pods-BandMate-BandMateUITests.release.xcconfig"; path = "Target Support Files/Pods-BandMate-BandMateUITests/Pods-BandMate-BandMateUITests.release.xcconfig"; sourceTree = "<group>"; };
		5163B7A8B0C4F4FC41874437 /* Pods-BandMateTests.release.xcconfig */ = {isa = PBXFileReference; includeInIndex = 1; lastKnownFileType = text.xcconfig; name = "Pods-BandMateTests.release.xcconfig"; path = "Target Support Files/Pods-BandMateTests/Pods-BandMateTests.release.xcconfig"; sourceTree = "<group>"; };
		528E187E09DD89DEE6B4911B /* Pods-BandMateTests.debug.xcconfig */ = {isa = PBXFileReference; includeInIndex = 1; lastKnownFileType = text.xcconfig; name = "Pods-BandMateTests.debug.xcconfig"; path = "Target Support Files/Pods-BandMateTests/Pods-BandMateTests.debug.xcconfig"; sourceTree = "<group>"; };
		A061199D6EA3D9E262043FC1 /* Pods-BandMate.release.xcconfig */ = {isa = PBXFileReference; includeInIndex = 1; lastKnownFileType = text.xcconfig; name = "Pods-BandMate.release.xcconfig"; path = "Target Support Files/Pods-BandMate/Pods-BandMate.release.xcconfig"; sourceTree = "<group>"; };
		BF20C98779348012D9F3F6A8 /* Pods-BandMate.debug.xcconfig */ = {isa = PBXFileReference; includeInIndex = 1; lastKnownFileType = text.xcconfig; name = "Pods-BandMate.debug.xcconfig"; path = "Target Support Files/Pods-BandMate/Pods-BandMate.debug.xcconfig"; sourceTree = "<group>"; };
		DFAC38CAA0461B10D2977160 /* Pods-BandMate-BandMateUITests.debug.xcconfig */ = {isa = PBXFileReference; includeInIndex = 1; lastKnownFileType = text.xcconfig; name = "Pods-BandMate-BandMateUITests.debug.xcconfig"; path = "Target Support Files/Pods-BandMate-BandMateUITests/Pods-BandMate-BandMateUITests.debug.xcconfig"; sourceTree = "<group>"; };
		F7A9C3377856E079D48F0EA7 /* Pods_BandMateTests.framework */ = {isa = PBXFileReference; explicitFileType = wrapper.framework; includeInIndex = 0; path = Pods_BandMateTests.framework; sourceTree = BUILT_PRODUCTS_DIR; };
/* End PBXFileReference section */

/* Begin PBXFrameworksBuildPhase section */
		268BF930286EACC900432CC8 /* Frameworks */ = {
			isa = PBXFrameworksBuildPhase;
			buildActionMask = 2147483647;
			files = (
				D6930D9DF78C1EB3950B33B9 /* Pods_BandMate.framework in Frameworks */,
			);
			runOnlyForDeploymentPostprocessing = 0;
		};
		268BF94B286EACC900432CC8 /* Frameworks */ = {
			isa = PBXFrameworksBuildPhase;
			buildActionMask = 2147483647;
			files = (
				5C72A3C66FC5E586513329F1 /* Pods_BandMateTests.framework in Frameworks */,
			);
			runOnlyForDeploymentPostprocessing = 0;
		};
		268BF955286EACC900432CC8 /* Frameworks */ = {
			isa = PBXFrameworksBuildPhase;
			buildActionMask = 2147483647;
			files = (
				C4FF536DBC51E249F46D9CE2 /* Pods_BandMate_BandMateUITests.framework in Frameworks */,
			);
			runOnlyForDeploymentPostprocessing = 0;
		};
/* End PBXFrameworksBuildPhase section */

/* Begin PBXGroup section */
		263CC3B7287F29BC002941BB /* DataModels */ = {
			isa = PBXGroup;
			children = (
				263CC3B8287F29E0002941BB /* Artist.h */,
				263CC3B9287F29E0002941BB /* Artist.m */,
				2652301A2884D927009FBAD2 /* Match.h */,
				2652301B2884D927009FBAD2 /* Match.m */,
				26A8DCB12891BBED009F7D38 /* Conversation.h */,
				26A8DCB22891BBED009F7D38 /* Conversation.m */,
				26A8DCB42891BD9F009F7D38 /* Message.h */,
				26A8DCB52891BD9F009F7D38 /* Message.m */,
			);
			path = DataModels;
			sourceTree = "<group>";
		};
		263F2C882876557100A28601 /* LoginViewController */ = {
			isa = PBXGroup;
			children = (
				263F2C8A2876559D00A28601 /* LoginViewController.h */,
				263F2C8B2876559D00A28601 /* LoginViewController.m */,
			);
			path = LoginViewController;
			sourceTree = "<group>";
		};
		263F2C892876558800A28601 /* RegisterViewController */ = {
			isa = PBXGroup;
			children = (
				263F2C8D287655A800A28601 /* RegisterViewController.h */,
				263F2C8E287655A800A28601 /* RegisterViewController.m */,
			);
			path = RegisterViewController;
			sourceTree = "<group>";
		};
		263F2C902877562200A28601 /* ProfileViewController */ = {
			isa = PBXGroup;
			children = (
				263F2C912877564C00A28601 /* ProfileViewController.h */,
				263F2C922877564C00A28601 /* ProfileViewController.m */,
			);
			path = ProfileViewController;
			sourceTree = "<group>";
		};
		268BF92A286EACC900432CC8 = {
			isa = PBXGroup;
			children = (
				268BF935286EACC900432CC8 /* BandMate */,
				268BF951286EACC900432CC8 /* BandMateTests */,
				268BF95B286EACC900432CC8 /* BandMateUITests */,
				268BF934286EACC900432CC8 /* Products */,
				C73D4EC51962B04B2BB9FCFB /* Pods */,
				B8B117D2911EF6703A8C9DDC /* Frameworks */,
			);
			sourceTree = "<group>";
		};
		268BF934286EACC900432CC8 /* Products */ = {
			isa = PBXGroup;
			children = (
				268BF933286EACC900432CC8 /* BandMate.app */,
				268BF94E286EACC900432CC8 /* BandMateTests.xctest */,
				268BF958286EACC900432CC8 /* BandMateUITests.xctest */,
			);
			name = Products;
			sourceTree = "<group>";
		};
		268BF935286EACC900432CC8 /* BandMate */ = {
			isa = PBXGroup;
			children = (
				26B5688C289468A70003F89B /* MessageDetailsViewController */,
				263CC3B7287F29BC002941BB /* DataModels */,
				268C769F2887692F00D4E93B /* Views */,
				26ADBDD0289068F000682B51 /* ChatViewController */,
				26ADBDBE288E380F00682B51 /* MatchDetailsViewController */,
				26B782BA287CEB2B004B0ADC /* MatchViewController */,
				26ADBDC9288F5A9000682B51 /* YourBandsViewController */,
				263F2C902877562200A28601 /* ProfileViewController */,
				263F2C892876558800A28601 /* RegisterViewController */,
				263F2C882876557100A28601 /* LoginViewController */,
				268BF936286EACC900432CC8 /* AppDelegate.h */,
				268BF937286EACC900432CC8 /* AppDelegate.m */,
				268BF939286EACC900432CC8 /* SceneDelegate.h */,
				268BF93A286EACC900432CC8 /* SceneDelegate.m */,
				268BF93C286EACC900432CC8 /* ViewController.h */,
				268BF93D286EACC900432CC8 /* ViewController.m */,
				268BF93F286EACC900432CC8 /* Main.storyboard */,
				268BF942286EACC900432CC8 /* Assets.xcassets */,
				268BF944286EACC900432CC8 /* LaunchScreen.storyboard */,
				268BF947286EACC900432CC8 /* Info.plist */,
				26B782C0287DE607004B0ADC /* Keys.plist */,
				268BF948286EACC900432CC8 /* main.m */,
			);
			path = BandMate;
			sourceTree = "<group>";
		};
		268BF951286EACC900432CC8 /* BandMateTests */ = {
			isa = PBXGroup;
			children = (
				268BF952286EACC900432CC8 /* BandMateTests.m */,
			);
			path = BandMateTests;
			sourceTree = "<group>";
		};
		268BF95B286EACC900432CC8 /* BandMateUITests */ = {
			isa = PBXGroup;
			children = (
				268BF95C286EACCA00432CC8 /* BandMateUITests.m */,
				268BF95E286EACCA00432CC8 /* BandMateUITestsLaunchTests.m */,
			);
			path = BandMateUITests;
			sourceTree = "<group>";
		};
		268C769F2887692F00D4E93B /* Views */ = {
			isa = PBXGroup;
			children = (
				268C76A02887696D00D4E93B /* ProfileTableCell.h */,
				268C76A12887696D00D4E93B /* ProfileTableCell.m */,
				26ADBDB8288E15AE00682B51 /* MatchTableViewCell.h */,
				26ADBDB9288E15AE00682B51 /* MatchTableViewCell.m */,
				26ADBDBB288E168600682B51 /* MatchCollectionCell.h */,
				26ADBDBC288E168600682B51 /* MatchCollectionCell.m */,
				26ADBDC2288E496400682B51 /* DetailsTableViewCell.h */,
				26ADBDC3288E496400682B51 /* DetailsTableViewCell.m */,
				26ADBDCD288F63AE00682B51 /* BandsTableViewCell.h */,
				26ADBDCE288F63AE00682B51 /* BandsTableViewCell.m */,
				26F8D07F28906AFD00A62218 /* ChatSendingTableViewCell.h */,
				26F8D08028906AFD00A62218 /* ChatSendingTableViewCell.m */,
				26F8D08A2890AE7500A62218 /* ChatRecievingTableViewCell.h */,
				26F8D08B2890AE7500A62218 /* ChatRecievingTableViewCell.m */,
			);
			path = Views;
			sourceTree = "<group>";
		};
		26ADBDBE288E380F00682B51 /* MatchDetailsViewController */ = {
			isa = PBXGroup;
			children = (
				26ADBDBF288E383F00682B51 /* MatchDetailsViewController.h */,
				26ADBDC0288E383F00682B51 /* MatchDetailsViewController.m */,
			);
			path = MatchDetailsViewController;
			sourceTree = "<group>";
		};
		26ADBDC9288F5A9000682B51 /* YourBandsViewController */ = {
			isa = PBXGroup;
			children = (
				26ADBDCA288F5AD900682B51 /* YourBandsViewController.h */,
				26ADBDCB288F5AD900682B51 /* YourBandsViewController.m */,
			);
			path = YourBandsViewController;
			sourceTree = "<group>";
		};
		26ADBDD0289068F000682B51 /* ChatViewController */ = {
			isa = PBXGroup;
			children = (
				26ADBDD12890690E00682B51 /* ChatViewController.h */,
				26ADBDD22890690E00682B51 /* ChatViewController.m */,
			);
			path = ChatViewController;
			sourceTree = "<group>";
		};
		26B5688C289468A70003F89B /* MessageDetailsViewController */ = {
			isa = PBXGroup;
			children = (
				26B5688D289468CE0003F89B /* MessageDetailsViewController.h */,
				26B5688E289468CE0003F89B /* MessageDetailsViewController.m */,
			);
			path = MessageDetailsViewController;
			sourceTree = "<group>";
		};
		26B782BA287CEB2B004B0ADC /* MatchViewController */ = {
			isa = PBXGroup;
			children = (
				26B782BB287CEB49004B0ADC /* MatchViewController.h */,
				26B782BC287CEB49004B0ADC /* MatchViewController.m */,
			);
			path = MatchViewController;
			sourceTree = "<group>";
		};
		B8B117D2911EF6703A8C9DDC /* Frameworks */ = {
			isa = PBXGroup;
			children = (
				28848E6C1F75558C0A4E7223 /* Pods_BandMate.framework */,
				1F0A01756A7A60FC84ED7C4D /* Pods_BandMate_BandMateUITests.framework */,
				F7A9C3377856E079D48F0EA7 /* Pods_BandMateTests.framework */,
			);
			name = Frameworks;
			sourceTree = "<group>";
		};
		C73D4EC51962B04B2BB9FCFB /* Pods */ = {
			isa = PBXGroup;
			children = (
				BF20C98779348012D9F3F6A8 /* Pods-BandMate.debug.xcconfig */,
				A061199D6EA3D9E262043FC1 /* Pods-BandMate.release.xcconfig */,
				DFAC38CAA0461B10D2977160 /* Pods-BandMate-BandMateUITests.debug.xcconfig */,
				4C64F94841F4852B272F0DEE /* Pods-BandMate-BandMateUITests.release.xcconfig */,
				528E187E09DD89DEE6B4911B /* Pods-BandMateTests.debug.xcconfig */,
				5163B7A8B0C4F4FC41874437 /* Pods-BandMateTests.release.xcconfig */,
			);
			path = Pods;
			sourceTree = "<group>";
		};
/* End PBXGroup section */

/* Begin PBXNativeTarget section */
		268BF932286EACC900432CC8 /* BandMate */ = {
			isa = PBXNativeTarget;
			buildConfigurationList = 268BF962286EACCA00432CC8 /* Build configuration list for PBXNativeTarget "BandMate" */;
			buildPhases = (
				52DF406CAD0B905EAB5A3C1D /* [CP] Check Pods Manifest.lock */,
				268BF92F286EACC900432CC8 /* Sources */,
				268BF930286EACC900432CC8 /* Frameworks */,
				268BF931286EACC900432CC8 /* Resources */,
				C0F2B201CC83FD178F07C8D0 /* [CP] Embed Pods Frameworks */,
			);
			buildRules = (
			);
			dependencies = (
			);
			name = BandMate;
			productName = BandMate;
			productReference = 268BF933286EACC900432CC8 /* BandMate.app */;
			productType = "com.apple.product-type.application";
		};
		268BF94D286EACC900432CC8 /* BandMateTests */ = {
			isa = PBXNativeTarget;
			buildConfigurationList = 268BF965286EACCA00432CC8 /* Build configuration list for PBXNativeTarget "BandMateTests" */;
			buildPhases = (
				09BF4232A615E281375B115C /* [CP] Check Pods Manifest.lock */,
				268BF94A286EACC900432CC8 /* Sources */,
				268BF94B286EACC900432CC8 /* Frameworks */,
				268BF94C286EACC900432CC8 /* Resources */,
			);
			buildRules = (
			);
			dependencies = (
				268BF950286EACC900432CC8 /* PBXTargetDependency */,
			);
			name = BandMateTests;
			productName = BandMateTests;
			productReference = 268BF94E286EACC900432CC8 /* BandMateTests.xctest */;
			productType = "com.apple.product-type.bundle.unit-test";
		};
		268BF957286EACC900432CC8 /* BandMateUITests */ = {
			isa = PBXNativeTarget;
			buildConfigurationList = 268BF968286EACCA00432CC8 /* Build configuration list for PBXNativeTarget "BandMateUITests" */;
			buildPhases = (
				E8FBD288D48EBBDF544E2294 /* [CP] Check Pods Manifest.lock */,
				268BF954286EACC900432CC8 /* Sources */,
				268BF955286EACC900432CC8 /* Frameworks */,
				268BF956286EACC900432CC8 /* Resources */,
				D4032BD6CE142B0A1036D50A /* [CP] Embed Pods Frameworks */,
			);
			buildRules = (
			);
			dependencies = (
				268BF95A286EACC900432CC8 /* PBXTargetDependency */,
			);
			name = BandMateUITests;
			productName = BandMateUITests;
			productReference = 268BF958286EACC900432CC8 /* BandMateUITests.xctest */;
			productType = "com.apple.product-type.bundle.ui-testing";
		};
/* End PBXNativeTarget section */

/* Begin PBXProject section */
		268BF92B286EACC900432CC8 /* Project object */ = {
			isa = PBXProject;
			attributes = {
				BuildIndependentTargetsInParallel = 1;
				LastUpgradeCheck = 1340;
				TargetAttributes = {
					268BF932286EACC900432CC8 = {
						CreatedOnToolsVersion = 13.4;
					};
					268BF94D286EACC900432CC8 = {
						CreatedOnToolsVersion = 13.4;
						TestTargetID = 268BF932286EACC900432CC8;
					};
					268BF957286EACC900432CC8 = {
						CreatedOnToolsVersion = 13.4;
						TestTargetID = 268BF932286EACC900432CC8;
					};
				};
			};
			buildConfigurationList = 268BF92E286EACC900432CC8 /* Build configuration list for PBXProject "BandMate" */;
			compatibilityVersion = "Xcode 13.0";
			developmentRegion = en;
			hasScannedForEncodings = 0;
			knownRegions = (
				en,
				Base,
			);
			mainGroup = 268BF92A286EACC900432CC8;
			productRefGroup = 268BF934286EACC900432CC8 /* Products */;
			projectDirPath = "";
			projectRoot = "";
			targets = (
				268BF932286EACC900432CC8 /* BandMate */,
				268BF94D286EACC900432CC8 /* BandMateTests */,
				268BF957286EACC900432CC8 /* BandMateUITests */,
			);
		};
/* End PBXProject section */

/* Begin PBXResourcesBuildPhase section */
		268BF931286EACC900432CC8 /* Resources */ = {
			isa = PBXResourcesBuildPhase;
			buildActionMask = 2147483647;
			files = (
				26B782C1287DE607004B0ADC /* Keys.plist in Resources */,
				268BF946286EACC900432CC8 /* LaunchScreen.storyboard in Resources */,
				268BF943286EACC900432CC8 /* Assets.xcassets in Resources */,
				268BF941286EACC900432CC8 /* Main.storyboard in Resources */,
			);
			runOnlyForDeploymentPostprocessing = 0;
		};
		268BF94C286EACC900432CC8 /* Resources */ = {
			isa = PBXResourcesBuildPhase;
			buildActionMask = 2147483647;
			files = (
			);
			runOnlyForDeploymentPostprocessing = 0;
		};
		268BF956286EACC900432CC8 /* Resources */ = {
			isa = PBXResourcesBuildPhase;
			buildActionMask = 2147483647;
			files = (
			);
			runOnlyForDeploymentPostprocessing = 0;
		};
/* End PBXResourcesBuildPhase section */

/* Begin PBXShellScriptBuildPhase section */
		09BF4232A615E281375B115C /* [CP] Check Pods Manifest.lock */ = {
			isa = PBXShellScriptBuildPhase;
			buildActionMask = 2147483647;
			files = (
			);
			inputFileListPaths = (
			);
			inputPaths = (
				"${PODS_PODFILE_DIR_PATH}/Podfile.lock",
				"${PODS_ROOT}/Manifest.lock",
			);
			name = "[CP] Check Pods Manifest.lock";
			outputFileListPaths = (
			);
			outputPaths = (
				"$(DERIVED_FILE_DIR)/Pods-BandMateTests-checkManifestLockResult.txt",
			);
			runOnlyForDeploymentPostprocessing = 0;
			shellPath = /bin/sh;
			shellScript = "diff \"${PODS_PODFILE_DIR_PATH}/Podfile.lock\" \"${PODS_ROOT}/Manifest.lock\" > /dev/null\nif [ $? != 0 ] ; then\n    # print error to STDERR\n    echo \"error: The sandbox is not in sync with the Podfile.lock. Run 'pod install' or update your CocoaPods installation.\" >&2\n    exit 1\nfi\n# This output is used by Xcode 'outputs' to avoid re-running this script phase.\necho \"SUCCESS\" > \"${SCRIPT_OUTPUT_FILE_0}\"\n";
			showEnvVarsInLog = 0;
		};
		52DF406CAD0B905EAB5A3C1D /* [CP] Check Pods Manifest.lock */ = {
			isa = PBXShellScriptBuildPhase;
			buildActionMask = 2147483647;
			files = (
			);
			inputFileListPaths = (
			);
			inputPaths = (
				"${PODS_PODFILE_DIR_PATH}/Podfile.lock",
				"${PODS_ROOT}/Manifest.lock",
			);
			name = "[CP] Check Pods Manifest.lock";
			outputFileListPaths = (
			);
			outputPaths = (
				"$(DERIVED_FILE_DIR)/Pods-BandMate-checkManifestLockResult.txt",
			);
			runOnlyForDeploymentPostprocessing = 0;
			shellPath = /bin/sh;
			shellScript = "diff \"${PODS_PODFILE_DIR_PATH}/Podfile.lock\" \"${PODS_ROOT}/Manifest.lock\" > /dev/null\nif [ $? != 0 ] ; then\n    # print error to STDERR\n    echo \"error: The sandbox is not in sync with the Podfile.lock. Run 'pod install' or update your CocoaPods installation.\" >&2\n    exit 1\nfi\n# This output is used by Xcode 'outputs' to avoid re-running this script phase.\necho \"SUCCESS\" > \"${SCRIPT_OUTPUT_FILE_0}\"\n";
			showEnvVarsInLog = 0;
		};
		C0F2B201CC83FD178F07C8D0 /* [CP] Embed Pods Frameworks */ = {
			isa = PBXShellScriptBuildPhase;
			buildActionMask = 2147483647;
			files = (
			);
			inputFileListPaths = (
				"${PODS_ROOT}/Target Support Files/Pods-BandMate/Pods-BandMate-frameworks-${CONFIGURATION}-input-files.xcfilelist",
			);
			name = "[CP] Embed Pods Frameworks";
			outputFileListPaths = (
				"${PODS_ROOT}/Target Support Files/Pods-BandMate/Pods-BandMate-frameworks-${CONFIGURATION}-output-files.xcfilelist",
			);
			runOnlyForDeploymentPostprocessing = 0;
			shellPath = /bin/sh;
			shellScript = "\"${PODS_ROOT}/Target Support Files/Pods-BandMate/Pods-BandMate-frameworks.sh\"\n";
			showEnvVarsInLog = 0;
		};
		D4032BD6CE142B0A1036D50A /* [CP] Embed Pods Frameworks */ = {
			isa = PBXShellScriptBuildPhase;
			buildActionMask = 2147483647;
			files = (
			);
			inputFileListPaths = (
				"${PODS_ROOT}/Target Support Files/Pods-BandMate-BandMateUITests/Pods-BandMate-BandMateUITests-frameworks-${CONFIGURATION}-input-files.xcfilelist",
			);
			name = "[CP] Embed Pods Frameworks";
			outputFileListPaths = (
				"${PODS_ROOT}/Target Support Files/Pods-BandMate-BandMateUITests/Pods-BandMate-BandMateUITests-frameworks-${CONFIGURATION}-output-files.xcfilelist",
			);
			runOnlyForDeploymentPostprocessing = 0;
			shellPath = /bin/sh;
			shellScript = "\"${PODS_ROOT}/Target Support Files/Pods-BandMate-BandMateUITests/Pods-BandMate-BandMateUITests-frameworks.sh\"\n";
			showEnvVarsInLog = 0;
		};
		E8FBD288D48EBBDF544E2294 /* [CP] Check Pods Manifest.lock */ = {
			isa = PBXShellScriptBuildPhase;
			buildActionMask = 2147483647;
			files = (
			);
			inputFileListPaths = (
			);
			inputPaths = (
				"${PODS_PODFILE_DIR_PATH}/Podfile.lock",
				"${PODS_ROOT}/Manifest.lock",
			);
			name = "[CP] Check Pods Manifest.lock";
			outputFileListPaths = (
			);
			outputPaths = (
				"$(DERIVED_FILE_DIR)/Pods-BandMate-BandMateUITests-checkManifestLockResult.txt",
			);
			runOnlyForDeploymentPostprocessing = 0;
			shellPath = /bin/sh;
			shellScript = "diff \"${PODS_PODFILE_DIR_PATH}/Podfile.lock\" \"${PODS_ROOT}/Manifest.lock\" > /dev/null\nif [ $? != 0 ] ; then\n    # print error to STDERR\n    echo \"error: The sandbox is not in sync with the Podfile.lock. Run 'pod install' or update your CocoaPods installation.\" >&2\n    exit 1\nfi\n# This output is used by Xcode 'outputs' to avoid re-running this script phase.\necho \"SUCCESS\" > \"${SCRIPT_OUTPUT_FILE_0}\"\n";
			showEnvVarsInLog = 0;
		};
/* End PBXShellScriptBuildPhase section */

/* Begin PBXSourcesBuildPhase section */
		268BF92F286EACC900432CC8 /* Sources */ = {
			isa = PBXSourcesBuildPhase;
			buildActionMask = 2147483647;
			files = (
				268C76A22887696D00D4E93B /* ProfileTableCell.m in Sources */,
				268BF93E286EACC900432CC8 /* ViewController.m in Sources */,
				26ADBDBD288E168600682B51 /* MatchCollectionCell.m in Sources */,
				2652301C2884D927009FBAD2 /* Match.m in Sources */,
				26B5688F289468CE0003F89B /* MessageDetailsViewController.m in Sources */,
				263F2C8F287655A800A28601 /* RegisterViewController.m in Sources */,
				26ADBDCF288F63AE00682B51 /* BandsTableViewCell.m in Sources */,
				26A8DCB32891BBED009F7D38 /* Conversation.m in Sources */,
				26F8D08C2890AE7500A62218 /* ChatRecievingTableViewCell.m in Sources */,
				26ADBDC1288E383F00682B51 /* MatchDetailsViewController.m in Sources */,
				26A8DCB62891BD9F009F7D38 /* Message.m in Sources */,
				268BF938286EACC900432CC8 /* AppDelegate.m in Sources */,
				26ADBDD32890690E00682B51 /* ChatViewController.m in Sources */,
				268BF949286EACC900432CC8 /* main.m in Sources */,
				26B782BD287CEB49004B0ADC /* MatchViewController.m in Sources */,
				26F8D08128906AFD00A62218 /* ChatSendingTableViewCell.m in Sources */,
				263F2C932877564C00A28601 /* ProfileViewController.m in Sources */,
				26ADBDCC288F5AD900682B51 /* YourBandsViewController.m in Sources */,
				268BF93B286EACC900432CC8 /* SceneDelegate.m in Sources */,
				263CC3BA287F29E0002941BB /* Artist.m in Sources */,
				26ADBDC4288E496400682B51 /* DetailsTableViewCell.m in Sources */,
				263F2C8C2876559D00A28601 /* LoginViewController.m in Sources */,
				26ADBDBA288E15AE00682B51 /* MatchTableViewCell.m in Sources */,
			);
			runOnlyForDeploymentPostprocessing = 0;
		};
		268BF94A286EACC900432CC8 /* Sources */ = {
			isa = PBXSourcesBuildPhase;
			buildActionMask = 2147483647;
			files = (
				268BF953286EACC900432CC8 /* BandMateTests.m in Sources */,
			);
			runOnlyForDeploymentPostprocessing = 0;
		};
		268BF954286EACC900432CC8 /* Sources */ = {
			isa = PBXSourcesBuildPhase;
			buildActionMask = 2147483647;
			files = (
				268BF95F286EACCA00432CC8 /* BandMateUITestsLaunchTests.m in Sources */,
				268BF95D286EACCA00432CC8 /* BandMateUITests.m in Sources */,
			);
			runOnlyForDeploymentPostprocessing = 0;
		};
/* End PBXSourcesBuildPhase section */

/* Begin PBXTargetDependency section */
		268BF950286EACC900432CC8 /* PBXTargetDependency */ = {
			isa = PBXTargetDependency;
			target = 268BF932286EACC900432CC8 /* BandMate */;
			targetProxy = 268BF94F286EACC900432CC8 /* PBXContainerItemProxy */;
		};
		268BF95A286EACC900432CC8 /* PBXTargetDependency */ = {
			isa = PBXTargetDependency;
			target = 268BF932286EACC900432CC8 /* BandMate */;
			targetProxy = 268BF959286EACC900432CC8 /* PBXContainerItemProxy */;
		};
/* End PBXTargetDependency section */

/* Begin PBXVariantGroup section */
		268BF93F286EACC900432CC8 /* Main.storyboard */ = {
			isa = PBXVariantGroup;
			children = (
				268BF940286EACC900432CC8 /* Base */,
			);
			name = Main.storyboard;
			sourceTree = "<group>";
		};
		268BF944286EACC900432CC8 /* LaunchScreen.storyboard */ = {
			isa = PBXVariantGroup;
			children = (
				268BF945286EACC900432CC8 /* Base */,
			);
			name = LaunchScreen.storyboard;
			sourceTree = "<group>";
		};
/* End PBXVariantGroup section */

/* Begin XCBuildConfiguration section */
		268BF960286EACCA00432CC8 /* Debug */ = {
			isa = XCBuildConfiguration;
			buildSettings = {
				ALWAYS_SEARCH_USER_PATHS = NO;
				CLANG_ANALYZER_NONNULL = YES;
				CLANG_ANALYZER_NUMBER_OBJECT_CONVERSION = YES_AGGRESSIVE;
				CLANG_CXX_LANGUAGE_STANDARD = "gnu++17";
				CLANG_ENABLE_MODULES = YES;
				CLANG_ENABLE_OBJC_ARC = YES;
				CLANG_ENABLE_OBJC_WEAK = YES;
				CLANG_WARN_BLOCK_CAPTURE_AUTORELEASING = YES;
				CLANG_WARN_BOOL_CONVERSION = YES;
				CLANG_WARN_COMMA = YES;
				CLANG_WARN_CONSTANT_CONVERSION = YES;
				CLANG_WARN_DEPRECATED_OBJC_IMPLEMENTATIONS = YES;
				CLANG_WARN_DIRECT_OBJC_ISA_USAGE = YES_ERROR;
				CLANG_WARN_DOCUMENTATION_COMMENTS = YES;
				CLANG_WARN_EMPTY_BODY = YES;
				CLANG_WARN_ENUM_CONVERSION = YES;
				CLANG_WARN_INFINITE_RECURSION = YES;
				CLANG_WARN_INT_CONVERSION = YES;
				CLANG_WARN_NON_LITERAL_NULL_CONVERSION = YES;
				CLANG_WARN_OBJC_IMPLICIT_RETAIN_SELF = YES;
				CLANG_WARN_OBJC_LITERAL_CONVERSION = YES;
				CLANG_WARN_OBJC_ROOT_CLASS = YES_ERROR;
				CLANG_WARN_QUOTED_INCLUDE_IN_FRAMEWORK_HEADER = YES;
				CLANG_WARN_RANGE_LOOP_ANALYSIS = YES;
				CLANG_WARN_STRICT_PROTOTYPES = YES;
				CLANG_WARN_SUSPICIOUS_MOVE = YES;
				CLANG_WARN_UNGUARDED_AVAILABILITY = YES_AGGRESSIVE;
				CLANG_WARN_UNREACHABLE_CODE = YES;
				CLANG_WARN__DUPLICATE_METHOD_MATCH = YES;
				COPY_PHASE_STRIP = NO;
				DEBUG_INFORMATION_FORMAT = dwarf;
				ENABLE_STRICT_OBJC_MSGSEND = YES;
				ENABLE_TESTABILITY = YES;
				GCC_C_LANGUAGE_STANDARD = gnu11;
				GCC_DYNAMIC_NO_PIC = NO;
				GCC_NO_COMMON_BLOCKS = YES;
				GCC_OPTIMIZATION_LEVEL = 0;
				GCC_PREPROCESSOR_DEFINITIONS = (
					"DEBUG=1",
					"$(inherited)",
				);
				GCC_WARN_64_TO_32_BIT_CONVERSION = YES;
				GCC_WARN_ABOUT_RETURN_TYPE = YES_ERROR;
				GCC_WARN_UNDECLARED_SELECTOR = YES;
				GCC_WARN_UNINITIALIZED_AUTOS = YES_AGGRESSIVE;
				GCC_WARN_UNUSED_FUNCTION = YES;
				GCC_WARN_UNUSED_VARIABLE = YES;
				IPHONEOS_DEPLOYMENT_TARGET = 15.5;
				MTL_ENABLE_DEBUG_INFO = INCLUDE_SOURCE;
				MTL_FAST_MATH = YES;
				ONLY_ACTIVE_ARCH = YES;
				SDKROOT = iphoneos;
			};
			name = Debug;
		};
		268BF961286EACCA00432CC8 /* Release */ = {
			isa = XCBuildConfiguration;
			buildSettings = {
				ALWAYS_SEARCH_USER_PATHS = NO;
				CLANG_ANALYZER_NONNULL = YES;
				CLANG_ANALYZER_NUMBER_OBJECT_CONVERSION = YES_AGGRESSIVE;
				CLANG_CXX_LANGUAGE_STANDARD = "gnu++17";
				CLANG_ENABLE_MODULES = YES;
				CLANG_ENABLE_OBJC_ARC = YES;
				CLANG_ENABLE_OBJC_WEAK = YES;
				CLANG_WARN_BLOCK_CAPTURE_AUTORELEASING = YES;
				CLANG_WARN_BOOL_CONVERSION = YES;
				CLANG_WARN_COMMA = YES;
				CLANG_WARN_CONSTANT_CONVERSION = YES;
				CLANG_WARN_DEPRECATED_OBJC_IMPLEMENTATIONS = YES;
				CLANG_WARN_DIRECT_OBJC_ISA_USAGE = YES_ERROR;
				CLANG_WARN_DOCUMENTATION_COMMENTS = YES;
				CLANG_WARN_EMPTY_BODY = YES;
				CLANG_WARN_ENUM_CONVERSION = YES;
				CLANG_WARN_INFINITE_RECURSION = YES;
				CLANG_WARN_INT_CONVERSION = YES;
				CLANG_WARN_NON_LITERAL_NULL_CONVERSION = YES;
				CLANG_WARN_OBJC_IMPLICIT_RETAIN_SELF = YES;
				CLANG_WARN_OBJC_LITERAL_CONVERSION = YES;
				CLANG_WARN_OBJC_ROOT_CLASS = YES_ERROR;
				CLANG_WARN_QUOTED_INCLUDE_IN_FRAMEWORK_HEADER = YES;
				CLANG_WARN_RANGE_LOOP_ANALYSIS = YES;
				CLANG_WARN_STRICT_PROTOTYPES = YES;
				CLANG_WARN_SUSPICIOUS_MOVE = YES;
				CLANG_WARN_UNGUARDED_AVAILABILITY = YES_AGGRESSIVE;
				CLANG_WARN_UNREACHABLE_CODE = YES;
				CLANG_WARN__DUPLICATE_METHOD_MATCH = YES;
				COPY_PHASE_STRIP = NO;
				DEBUG_INFORMATION_FORMAT = "dwarf-with-dsym";
				ENABLE_NS_ASSERTIONS = NO;
				ENABLE_STRICT_OBJC_MSGSEND = YES;
				GCC_C_LANGUAGE_STANDARD = gnu11;
				GCC_NO_COMMON_BLOCKS = YES;
				GCC_WARN_64_TO_32_BIT_CONVERSION = YES;
				GCC_WARN_ABOUT_RETURN_TYPE = YES_ERROR;
				GCC_WARN_UNDECLARED_SELECTOR = YES;
				GCC_WARN_UNINITIALIZED_AUTOS = YES_AGGRESSIVE;
				GCC_WARN_UNUSED_FUNCTION = YES;
				GCC_WARN_UNUSED_VARIABLE = YES;
				IPHONEOS_DEPLOYMENT_TARGET = 15.5;
				MTL_ENABLE_DEBUG_INFO = NO;
				MTL_FAST_MATH = YES;
				SDKROOT = iphoneos;
				VALIDATE_PRODUCT = YES;
			};
			name = Release;
		};
		268BF963286EACCA00432CC8 /* Debug */ = {
			isa = XCBuildConfiguration;
			baseConfigurationReference = BF20C98779348012D9F3F6A8 /* Pods-BandMate.debug.xcconfig */;
			buildSettings = {
				ASSETCATALOG_COMPILER_APPICON_NAME = AppIcon;
				ASSETCATALOG_COMPILER_GLOBAL_ACCENT_COLOR_NAME = AccentColor;
				CODE_SIGN_STYLE = Automatic;
				CURRENT_PROJECT_VERSION = 1;
				DEVELOPMENT_TEAM = K8BWGLA443;
				GENERATE_INFOPLIST_FILE = YES;
				INFOPLIST_FILE = BandMate/Info.plist;
				INFOPLIST_KEY_UIApplicationSupportsIndirectInputEvents = YES;
				INFOPLIST_KEY_UILaunchStoryboardName = LaunchScreen;
				INFOPLIST_KEY_UIMainStoryboardFile = Main;
				INFOPLIST_KEY_UISupportedInterfaceOrientations_iPad = "UIInterfaceOrientationPortrait UIInterfaceOrientationPortraitUpsideDown UIInterfaceOrientationLandscapeLeft UIInterfaceOrientationLandscapeRight";
				INFOPLIST_KEY_UISupportedInterfaceOrientations_iPhone = "UIInterfaceOrientationPortrait UIInterfaceOrientationLandscapeLeft UIInterfaceOrientationLandscapeRight";
				LD_RUNPATH_SEARCH_PATHS = (
					"$(inherited)",
					"@executable_path/Frameworks",
				);
				MARKETING_VERSION = 1.0;
				PRODUCT_BUNDLE_IDENTIFIER = com.josecastillo.BandMate;
				PRODUCT_NAME = "$(TARGET_NAME)";
				SWIFT_EMIT_LOC_STRINGS = YES;
				TARGETED_DEVICE_FAMILY = "1,2";
			};
			name = Debug;
		};
		268BF964286EACCA00432CC8 /* Release */ = {
			isa = XCBuildConfiguration;
			baseConfigurationReference = A061199D6EA3D9E262043FC1 /* Pods-BandMate.release.xcconfig */;
			buildSettings = {
				ASSETCATALOG_COMPILER_APPICON_NAME = AppIcon;
				ASSETCATALOG_COMPILER_GLOBAL_ACCENT_COLOR_NAME = AccentColor;
				CODE_SIGN_STYLE = Automatic;
				CURRENT_PROJECT_VERSION = 1;
				DEVELOPMENT_TEAM = K8BWGLA443;
				GENERATE_INFOPLIST_FILE = YES;
				INFOPLIST_FILE = BandMate/Info.plist;
				INFOPLIST_KEY_UIApplicationSupportsIndirectInputEvents = YES;
				INFOPLIST_KEY_UILaunchStoryboardName = LaunchScreen;
				INFOPLIST_KEY_UIMainStoryboardFile = Main;
				INFOPLIST_KEY_UISupportedInterfaceOrientations_iPad = "UIInterfaceOrientationPortrait UIInterfaceOrientationPortraitUpsideDown UIInterfaceOrientationLandscapeLeft UIInterfaceOrientationLandscapeRight";
				INFOPLIST_KEY_UISupportedInterfaceOrientations_iPhone = "UIInterfaceOrientationPortrait UIInterfaceOrientationLandscapeLeft UIInterfaceOrientationLandscapeRight";
				LD_RUNPATH_SEARCH_PATHS = (
					"$(inherited)",
					"@executable_path/Frameworks",
				);
				MARKETING_VERSION = 1.0;
				PRODUCT_BUNDLE_IDENTIFIER = com.josecastillo.BandMate;
				PRODUCT_NAME = "$(TARGET_NAME)";
				SWIFT_EMIT_LOC_STRINGS = YES;
				TARGETED_DEVICE_FAMILY = "1,2";
			};
			name = Release;
		};
		268BF966286EACCA00432CC8 /* Debug */ = {
			isa = XCBuildConfiguration;
			baseConfigurationReference = 528E187E09DD89DEE6B4911B /* Pods-BandMateTests.debug.xcconfig */;
			buildSettings = {
				BUNDLE_LOADER = "$(TEST_HOST)";
				CODE_SIGN_STYLE = Automatic;
				CURRENT_PROJECT_VERSION = 1;
				DEVELOPMENT_TEAM = K8BWGLA443;
				GENERATE_INFOPLIST_FILE = YES;
				IPHONEOS_DEPLOYMENT_TARGET = 15.5;
				MARKETING_VERSION = 1.0;
				PRODUCT_BUNDLE_IDENTIFIER = com.josecastillo.BandMateTests;
				PRODUCT_NAME = "$(TARGET_NAME)";
				SWIFT_EMIT_LOC_STRINGS = NO;
				TARGETED_DEVICE_FAMILY = "1,2";
				TEST_HOST = "$(BUILT_PRODUCTS_DIR)/BandMate.app/BandMate";
			};
			name = Debug;
		};
		268BF967286EACCA00432CC8 /* Release */ = {
			isa = XCBuildConfiguration;
			baseConfigurationReference = 5163B7A8B0C4F4FC41874437 /* Pods-BandMateTests.release.xcconfig */;
			buildSettings = {
				BUNDLE_LOADER = "$(TEST_HOST)";
				CODE_SIGN_STYLE = Automatic;
				CURRENT_PROJECT_VERSION = 1;
				DEVELOPMENT_TEAM = K8BWGLA443;
				GENERATE_INFOPLIST_FILE = YES;
				IPHONEOS_DEPLOYMENT_TARGET = 15.5;
				MARKETING_VERSION = 1.0;
				PRODUCT_BUNDLE_IDENTIFIER = com.josecastillo.BandMateTests;
				PRODUCT_NAME = "$(TARGET_NAME)";
				SWIFT_EMIT_LOC_STRINGS = NO;
				TARGETED_DEVICE_FAMILY = "1,2";
				TEST_HOST = "$(BUILT_PRODUCTS_DIR)/BandMate.app/BandMate";
			};
			name = Release;
		};
		268BF969286EACCA00432CC8 /* Debug */ = {
			isa = XCBuildConfiguration;
			baseConfigurationReference = DFAC38CAA0461B10D2977160 /* Pods-BandMate-BandMateUITests.debug.xcconfig */;
			buildSettings = {
				CODE_SIGN_STYLE = Automatic;
				CURRENT_PROJECT_VERSION = 1;
				DEVELOPMENT_TEAM = K8BWGLA443;
				GENERATE_INFOPLIST_FILE = YES;
				MARKETING_VERSION = 1.0;
				PRODUCT_BUNDLE_IDENTIFIER = com.josecastillo.BandMateUITests;
				PRODUCT_NAME = "$(TARGET_NAME)";
				SWIFT_EMIT_LOC_STRINGS = NO;
				TARGETED_DEVICE_FAMILY = "1,2";
				TEST_TARGET_NAME = BandMate;
			};
			name = Debug;
		};
		268BF96A286EACCA00432CC8 /* Release */ = {
			isa = XCBuildConfiguration;
			baseConfigurationReference = 4C64F94841F4852B272F0DEE /* Pods-BandMate-BandMateUITests.release.xcconfig */;
			buildSettings = {
				CODE_SIGN_STYLE = Automatic;
				CURRENT_PROJECT_VERSION = 1;
				DEVELOPMENT_TEAM = K8BWGLA443;
				GENERATE_INFOPLIST_FILE = YES;
				MARKETING_VERSION = 1.0;
				PRODUCT_BUNDLE_IDENTIFIER = com.josecastillo.BandMateUITests;
				PRODUCT_NAME = "$(TARGET_NAME)";
				SWIFT_EMIT_LOC_STRINGS = NO;
				TARGETED_DEVICE_FAMILY = "1,2";
				TEST_TARGET_NAME = BandMate;
			};
			name = Release;
		};
/* End XCBuildConfiguration section */

/* Begin XCConfigurationList section */
		268BF92E286EACC900432CC8 /* Build configuration list for PBXProject "BandMate" */ = {
			isa = XCConfigurationList;
			buildConfigurations = (
				268BF960286EACCA00432CC8 /* Debug */,
				268BF961286EACCA00432CC8 /* Release */,
			);
			defaultConfigurationIsVisible = 0;
			defaultConfigurationName = Release;
		};
		268BF962286EACCA00432CC8 /* Build configuration list for PBXNativeTarget "BandMate" */ = {
			isa = XCConfigurationList;
			buildConfigurations = (
				268BF963286EACCA00432CC8 /* Debug */,
				268BF964286EACCA00432CC8 /* Release */,
			);
			defaultConfigurationIsVisible = 0;
			defaultConfigurationName = Release;
		};
		268BF965286EACCA00432CC8 /* Build configuration list for PBXNativeTarget "BandMateTests" */ = {
			isa = XCConfigurationList;
			buildConfigurations = (
				268BF966286EACCA00432CC8 /* Debug */,
				268BF967286EACCA00432CC8 /* Release */,
			);
			defaultConfigurationIsVisible = 0;
			defaultConfigurationName = Release;
		};
		268BF968286EACCA00432CC8 /* Build configuration list for PBXNativeTarget "BandMateUITests" */ = {
			isa = XCConfigurationList;
			buildConfigurations = (
				268BF969286EACCA00432CC8 /* Debug */,
				268BF96A286EACCA00432CC8 /* Release */,
			);
			defaultConfigurationIsVisible = 0;
			defaultConfigurationName = Release;
		};
/* End XCConfigurationList section */
	};
	rootObject = 268BF92B286EACC900432CC8 /* Project object */;
}
